
Microsoft Visual Studio Solution File, Format Version 12.00
# Visual Studio 15
Project("{FAE04EC0-301F-11D3-BF4B-00C04F79EFBC}") = "Assembly-CSharp", "Assembly-CSharp.csproj", "{F16901BC-8DC1-9915-44B4-B1CC1D3D13C6}"
EndProject
Project("{FAE04EC0-301F-11D3-BF4B-00C04F79EFBC}") = "Assembly-CSharp-Editor", "Assembly-CSharp-Editor.csproj", "{6D92239B-DFE2-2DD3-5FA9-B9908083D334}"
EndProject
Global
	GlobalSection(SolutionConfigurationPlatforms) = preSolution
		Debug|Any CPU = Debug|Any CPU
		Release|Any CPU = Release|Any CPU
	EndGlobalSection
	GlobalSection(ProjectConfigurationPlatforms) = postSolution
		{F16901BC-8DC1-9915-44B4-B1CC1D3D13C6}.Debug|Any CPU.ActiveCfg = Debug|Any CPU
		{F16901BC-8DC1-9915-44B4-B1CC1D3D13C6}.Debug|Any CPU.Build.0 = Debug|Any CPU
		{F16901BC-8DC1-9915-44B4-B1CC1D3D13C6}.Release|Any CPU.ActiveCfg = Release|Any CPU
		{F16901BC-8DC1-9915-44B4-B1CC1D3D13C6}.Release|Any CPU.Build.0 = Release|Any CPU
		{6D92239B-DFE2-2DD3-5FA9-B9908083D334}.Debug|Any CPU.ActiveCfg = Debug|Any CPU
		{6D92239B-DFE2-2DD3-5FA9-B9908083D334}.Debug|Any CPU.Build.0 = Debug|Any CPU
		{6D92239B-DFE2-2DD3-5FA9-B9908083D334}.Release|Any CPU.ActiveCfg = Release|Any CPU
		{6D92239B-DFE2-2DD3-5FA9-B9908083D334}.Release|Any CPU.Build.0 = Release|Any CPU
	EndGlobalSection
	GlobalSection(SolutionProperties) = preSolution
		HideSolutionNode = FALSE
	EndGlobalSection
EndGlobal
